
Microsoft Visual Studio Solution File, Format Version 12.00
# Visual Studio 2012
VisualStudioVersion = 12.0.30501.0
MinimumVisualStudioVersion = 10.0.40219.1
Project("{FAE04EC0-301F-11D3-BF4B-00C04F79EFBC}") = "Render.API.Client", "Render.API.Client\Render.API.Client.csproj", "{09F21F29-AD7B-4E9B-9995-89F31FB8229C}"
EndProject
Project("{2150E333-8FDC-42A3-9474-1A3956D46DE8}") = "libs", "libs", "{6C1718C7-AD72-484F-8A86-307E9CBAB4ED}"
	ProjectSection(SolutionItems) = preProject
		libs\Cirrious.FluentLayouts.Touch.dll = libs\Cirrious.FluentLayouts.Touch.dll
		libs\FlyoutNavigation.dll = libs\FlyoutNavigation.dll
		libs\zxing.monotouch.dll = libs\zxing.monotouch.dll
		libs\ZXing.Net.Mobile.MonoTouch.dll = libs\ZXing.Net.Mobile.MonoTouch.dll
		libs\MessageBarLib.dll = libs\MessageBarLib.dll
		libs\MessageBarLib.dll.mdb = libs\MessageBarLib.dll.mdb
		libs\IQKeyboardManager.dll = libs\IQKeyboardManager.dll
		libs\IQKeyboardManager.dll.mdb = libs\IQKeyboardManager.dll.mdb
	EndProjectSection
EndProject
Project("{2150E333-8FDC-42A3-9474-1A3956D46DE8}") = "keys", "keys", "{3C4A8632-D651-4A23-A894-AB20E99244B4}"
	ProjectSection(SolutionItems) = preProject
		keys\Render.keystore = keys\Render.keystore
		keys\AndroidKeys.txt = keys\AndroidKeys.txt
	EndProjectSection
EndProject
Project("{FAE04EC0-301F-11D3-BF4B-00C04F79EFBC}") = "Render.MobileCore", "Render.MobileCore\Render.MobileCore.csproj", "{8D36226C-2E2D-47B7-AAED-D9A8600D7E52}"
EndProject
Project("{FAE04EC0-301F-11D3-BF4B-00C04F79EFBC}") = "Render.Android", "Render.Android\Render.Android.csproj", "{4FB0452C-5CCE-4A86-BD9D-C79E96CE1E27}"
EndProject
Project("{FAE04EC0-301F-11D3-BF4B-00C04F79EFBC}") = "Render.iOS", "Render.iOS\Render.iOS.csproj", "{3A44E273-B621-41DB-B3D1-64065C39732D}"
EndProject
Global
	GlobalSection(SolutionConfigurationPlatforms) = preSolution
		Ad-Hoc|Any CPU = Ad-Hoc|Any CPU
		Ad-Hoc|iPhone = Ad-Hoc|iPhone
		Ad-Hoc|iPhoneSimulator = Ad-Hoc|iPhoneSimulator
		Ad-Hoc|Mixed Platforms = Ad-Hoc|Mixed Platforms
		AppStore|Any CPU = AppStore|Any CPU
		AppStore|iPhone = AppStore|iPhone
		AppStore|iPhoneSimulator = AppStore|iPhoneSimulator
		AppStore|Mixed Platforms = AppStore|Mixed Platforms
		Debug|Any CPU = Debug|Any CPU
		Debug|iPhone = Debug|iPhone
		Debug|iPhoneSimulator = Debug|iPhoneSimulator
		Debug|Mixed Platforms = Debug|Mixed Platforms
		Release|Any CPU = Release|Any CPU
		Release|iPhone = Release|iPhone
		Release|iPhoneSimulator = Release|iPhoneSimulator
		Release|Mixed Platforms = Release|Mixed Platforms
	EndGlobalSection
	GlobalSection(ProjectConfigurationPlatforms) = postSolution
		{09F21F29-AD7B-4E9B-9995-89F31FB8229C}.Ad-Hoc|Any CPU.ActiveCfg = Release|Any CPU
		{09F21F29-AD7B-4E9B-9995-89F31FB8229C}.Ad-Hoc|Any CPU.Build.0 = Release|Any CPU
		{09F21F29-AD7B-4E9B-9995-89F31FB8229C}.Ad-Hoc|iPhone.ActiveCfg = Release|Any CPU
		{09F21F29-AD7B-4E9B-9995-89F31FB8229C}.Ad-Hoc|iPhone.Build.0 = Release|Any CPU
		{09F21F29-AD7B-4E9B-9995-89F31FB8229C}.Ad-Hoc|iPhoneSimulator.ActiveCfg = Release|Any CPU
		{09F21F29-AD7B-4E9B-9995-89F31FB8229C}.Ad-Hoc|Mixed Platforms.ActiveCfg = Release|Any CPU
		{09F21F29-AD7B-4E9B-9995-89F31FB8229C}.Ad-Hoc|Mixed Platforms.Build.0 = Release|Any CPU
		{09F21F29-AD7B-4E9B-9995-89F31FB8229C}.AppStore|Any CPU.ActiveCfg = Release|Any CPU
		{09F21F29-AD7B-4E9B-9995-89F31FB8229C}.AppStore|Any CPU.Build.0 = Release|Any CPU
		{09F21F29-AD7B-4E9B-9995-89F31FB8229C}.AppStore|iPhone.ActiveCfg = Release|Any CPU
		{09F21F29-AD7B-4E9B-9995-89F31FB8229C}.AppStore|iPhoneSimulator.ActiveCfg = Release|Any CPU
		{09F21F29-AD7B-4E9B-9995-89F31FB8229C}.AppStore|Mixed Platforms.ActiveCfg = Release|Any CPU
		{09F21F29-AD7B-4E9B-9995-89F31FB8229C}.AppStore|Mixed Platforms.Build.0 = Release|Any CPU
		{09F21F29-AD7B-4E9B-9995-89F31FB8229C}.Debug|Any CPU.ActiveCfg = Debug|Any CPU
		{09F21F29-AD7B-4E9B-9995-89F31FB8229C}.Debug|Any CPU.Build.0 = Debug|Any CPU
		{09F21F29-AD7B-4E9B-9995-89F31FB8229C}.Debug|iPhone.ActiveCfg = Debug|Any CPU
		{09F21F29-AD7B-4E9B-9995-89F31FB8229C}.Debug|iPhone.Build.0 = Debug|Any CPU
		{09F21F29-AD7B-4E9B-9995-89F31FB8229C}.Debug|iPhoneSimulator.ActiveCfg = Debug|Any CPU
		{09F21F29-AD7B-4E9B-9995-89F31FB8229C}.Debug|iPhoneSimulator.Build.0 = Debug|Any CPU
		{09F21F29-AD7B-4E9B-9995-89F31FB8229C}.Debug|Mixed Platforms.ActiveCfg = Debug|Any CPU
		{09F21F29-AD7B-4E9B-9995-89F31FB8229C}.Debug|Mixed Platforms.Build.0 = Debug|Any CPU
		{09F21F29-AD7B-4E9B-9995-89F31FB8229C}.Release|Any CPU.ActiveCfg = Release|Any CPU
		{09F21F29-AD7B-4E9B-9995-89F31FB8229C}.Release|Any CPU.Build.0 = Release|Any CPU
		{09F21F29-AD7B-4E9B-9995-89F31FB8229C}.Release|iPhone.ActiveCfg = Release|Any CPU
		{09F21F29-AD7B-4E9B-9995-89F31FB8229C}.Release|iPhoneSimulator.ActiveCfg = Release|Any CPU
		{09F21F29-AD7B-4E9B-9995-89F31FB8229C}.Release|Mixed Platforms.ActiveCfg = Release|Any CPU
		{09F21F29-AD7B-4E9B-9995-89F31FB8229C}.Release|Mixed Platforms.Build.0 = Release|Any CPU
		{3A44E273-B621-41DB-B3D1-64065C39732D}.Ad-Hoc|Any CPU.ActiveCfg = Ad-Hoc|iPhone
		{3A44E273-B621-41DB-B3D1-64065C39732D}.Ad-Hoc|Any CPU.Build.0 = Ad-Hoc|iPhone
		{3A44E273-B621-41DB-B3D1-64065C39732D}.Ad-Hoc|iPhone.ActiveCfg = Ad-Hoc|iPhone
		{3A44E273-B621-41DB-B3D1-64065C39732D}.Ad-Hoc|iPhone.Build.0 = Ad-Hoc|iPhone
		{3A44E273-B621-41DB-B3D1-64065C39732D}.Ad-Hoc|iPhoneSimulator.ActiveCfg = Debug|iPhoneSimulator
		{3A44E273-B621-41DB-B3D1-64065C39732D}.Ad-Hoc|iPhoneSimulator.Build.0 = Debug|iPhoneSimulator
		{3A44E273-B621-41DB-B3D1-64065C39732D}.Ad-Hoc|Mixed Platforms.ActiveCfg = Ad-Hoc|iPhone
		{3A44E273-B621-41DB-B3D1-64065C39732D}.Ad-Hoc|Mixed Platforms.Build.0 = Ad-Hoc|iPhone
		{3A44E273-B621-41DB-B3D1-64065C39732D}.AppStore|Any CPU.ActiveCfg = AppStore|iPhone
		{3A44E273-B621-41DB-B3D1-64065C39732D}.AppStore|Any CPU.Build.0 = AppStore|iPhone
		{3A44E273-B621-41DB-B3D1-64065C39732D}.AppStore|iPhone.ActiveCfg = AppStore|iPhone
		{3A44E273-B621-41DB-B3D1-64065C39732D}.AppStore|iPhone.Build.0 = AppStore|iPhone
		{3A44E273-B621-41DB-B3D1-64065C39732D}.AppStore|iPhoneSimulator.ActiveCfg = Debug|iPhoneSimulator
		{3A44E273-B621-41DB-B3D1-64065C39732D}.AppStore|iPhoneSimulator.Build.0 = Debug|iPhoneSimulator
		{3A44E273-B621-41DB-B3D1-64065C39732D}.AppStore|Mixed Platforms.ActiveCfg = AppStore|iPhone
		{3A44E273-B621-41DB-B3D1-64065C39732D}.AppStore|Mixed Platforms.Build.0 = AppStore|iPhone
		{3A44E273-B621-41DB-B3D1-64065C39732D}.Debug|Any CPU.ActiveCfg = Debug|iPhoneSimulator
		{3A44E273-B621-41DB-B3D1-64065C39732D}.Debug|Any CPU.Build.0 = Debug|iPhoneSimulator
		{3A44E273-B621-41DB-B3D1-64065C39732D}.Debug|iPhone.ActiveCfg = Debug|iPhone
		{3A44E273-B621-41DB-B3D1-64065C39732D}.Debug|iPhone.Build.0 = Debug|iPhone
		{3A44E273-B621-41DB-B3D1-64065C39732D}.Debug|iPhoneSimulator.ActiveCfg = Debug|iPhoneSimulator
		{3A44E273-B621-41DB-B3D1-64065C39732D}.Debug|iPhoneSimulator.Build.0 = Debug|iPhoneSimulator
		{3A44E273-B621-41DB-B3D1-64065C39732D}.Debug|Mixed Platforms.ActiveCfg = Debug|iPhoneSimulator
		{3A44E273-B621-41DB-B3D1-64065C39732D}.Debug|Mixed Platforms.Build.0 = Debug|iPhoneSimulator
		{3A44E273-B621-41DB-B3D1-64065C39732D}.Release|Any CPU.ActiveCfg = Release|iPhoneSimulator
		{3A44E273-B621-41DB-B3D1-64065C39732D}.Release|Any CPU.Build.0 = Release|iPhoneSimulator
		{3A44E273-B621-41DB-B3D1-64065C39732D}.Release|iPhone.ActiveCfg = Release|iPhone
		{3A44E273-B621-41DB-B3D1-64065C39732D}.Release|iPhone.Build.0 = Release|iPhone
		{3A44E273-B621-41DB-B3D1-64065C39732D}.Release|iPhoneSimulator.ActiveCfg = Release|iPhoneSimulator
		{3A44E273-B621-41DB-B3D1-64065C39732D}.Release|iPhoneSimulator.Build.0 = Release|iPhoneSimulator
		{3A44E273-B621-41DB-B3D1-64065C39732D}.Release|Mixed Platforms.ActiveCfg = Release|iPhoneSimulator
		{3A44E273-B621-41DB-B3D1-64065C39732D}.Release|Mixed Platforms.Build.0 = Release|iPhoneSimulator
		{4FB0452C-5CCE-4A86-BD9D-C79E96CE1E27}.Ad-Hoc|Any CPU.ActiveCfg = Release|Any CPU
		{4FB0452C-5CCE-4A86-BD9D-C79E96CE1E27}.Ad-Hoc|Any CPU.Build.0 = Release|Any CPU
		{4FB0452C-5CCE-4A86-BD9D-C79E96CE1E27}.Ad-Hoc|iPhone.ActiveCfg = Release|Any CPU
		{4FB0452C-5CCE-4A86-BD9D-C79E96CE1E27}.Ad-Hoc|iPhone.Build.0 = Release|Any CPU
		{4FB0452C-5CCE-4A86-BD9D-C79E96CE1E27}.Ad-Hoc|iPhoneSimulator.ActiveCfg = Release|Any CPU
		{4FB0452C-5CCE-4A86-BD9D-C79E96CE1E27}.Ad-Hoc|iPhoneSimulator.Build.0 = Release|Any CPU
		{4FB0452C-5CCE-4A86-BD9D-C79E96CE1E27}.Ad-Hoc|Mixed Platforms.ActiveCfg = Release|Any CPU
		{4FB0452C-5CCE-4A86-BD9D-C79E96CE1E27}.Ad-Hoc|Mixed Platforms.Build.0 = Release|Any CPU
		{4FB0452C-5CCE-4A86-BD9D-C79E96CE1E27}.AppStore|Any CPU.ActiveCfg = Release|Any CPU
		{4FB0452C-5CCE-4A86-BD9D-C79E96CE1E27}.AppStore|Any CPU.Build.0 = Release|Any CPU
		{4FB0452C-5CCE-4A86-BD9D-C79E96CE1E27}.AppStore|iPhone.ActiveCfg = Release|Any CPU
		{4FB0452C-5CCE-4A86-BD9D-C79E96CE1E27}.AppStore|iPhone.Build.0 = Release|Any CPU
		{4FB0452C-5CCE-4A86-BD9D-C79E96CE1E27}.AppStore|iPhoneSimulator.ActiveCfg = Release|Any CPU
		{4FB0452C-5CCE-4A86-BD9D-C79E96CE1E27}.AppStore|iPhoneSimulator.Build.0 = Release|Any CPU
		{4FB0452C-5CCE-4A86-BD9D-C79E96CE1E27}.AppStore|Mixed Platforms.ActiveCfg = Release|Any CPU
		{4FB0452C-5CCE-4A86-BD9D-C79E96CE1E27}.AppStore|Mixed Platforms.Build.0 = Release|Any CPU
		{4FB0452C-5CCE-4A86-BD9D-C79E96CE1E27}.Debug|Any CPU.ActiveCfg = Debug|Any CPU
		{4FB0452C-5CCE-4A86-BD9D-C79E96CE1E27}.Debug|Any CPU.Build.0 = Debug|Any CPU
		{4FB0452C-5CCE-4A86-BD9D-C79E96CE1E27}.Debug|iPhone.ActiveCfg = Debug|Any CPU
		{4FB0452C-5CCE-4A86-BD9D-C79E96CE1E27}.Debug|iPhone.Build.0 = Debug|Any CPU
		{4FB0452C-5CCE-4A86-BD9D-C79E96CE1E27}.Debug|iPhoneSimulator.ActiveCfg = Debug|Any CPU
		{4FB0452C-5CCE-4A86-BD9D-C79E96CE1E27}.Debug|iPhoneSimulator.Build.0 = Debug|Any CPU
		{4FB0452C-5CCE-4A86-BD9D-C79E96CE1E27}.Debug|Mixed Platforms.ActiveCfg = Debug|Any CPU
		{4FB0452C-5CCE-4A86-BD9D-C79E96CE1E27}.Debug|Mixed Platforms.Build.0 = Debug|Any CPU
		{4FB0452C-5CCE-4A86-BD9D-C79E96CE1E27}.Release|Any CPU.ActiveCfg = Release|Any CPU
		{4FB0452C-5CCE-4A86-BD9D-C79E96CE1E27}.Release|Any CPU.Build.0 = Release|Any CPU
		{4FB0452C-5CCE-4A86-BD9D-C79E96CE1E27}.Release|iPhone.ActiveCfg = Release|Any CPU
		{4FB0452C-5CCE-4A86-BD9D-C79E96CE1E27}.Release|iPhone.Build.0 = Release|Any CPU
		{4FB0452C-5CCE-4A86-BD9D-C79E96CE1E27}.Release|iPhoneSimulator.ActiveCfg = Release|Any CPU
		{4FB0452C-5CCE-4A86-BD9D-C79E96CE1E27}.Release|iPhoneSimulator.Build.0 = Release|Any CPU
		{4FB0452C-5CCE-4A86-BD9D-C79E96CE1E27}.Release|Mixed Platforms.ActiveCfg = Release|Any CPU
		{4FB0452C-5CCE-4A86-BD9D-C79E96CE1E27}.Release|Mixed Platforms.Build.0 = Release|Any CPU
		{8D36226C-2E2D-47B7-AAED-D9A8600D7E52}.Ad-Hoc|Any CPU.ActiveCfg = Release|Any CPU
		{8D36226C-2E2D-47B7-AAED-D9A8600D7E52}.Ad-Hoc|Any CPU.Build.0 = Release|Any CPU
		{8D36226C-2E2D-47B7-AAED-D9A8600D7E52}.Ad-Hoc|iPhone.ActiveCfg = Release|Any CPU
		{8D36226C-2E2D-47B7-AAED-D9A8600D7E52}.Ad-Hoc|iPhone.Build.0 = Release|Any CPU
		{8D36226C-2E2D-47B7-AAED-D9A8600D7E52}.Ad-Hoc|iPhoneSimulator.ActiveCfg = Release|Any CPU
		{8D36226C-2E2D-47B7-AAED-D9A8600D7E52}.Ad-Hoc|iPhoneSimulator.Build.0 = Release|Any CPU
		{8D36226C-2E2D-47B7-AAED-D9A8600D7E52}.Ad-Hoc|Mixed Platforms.ActiveCfg = Release|Any CPU
		{8D36226C-2E2D-47B7-AAED-D9A8600D7E52}.Ad-Hoc|Mixed Platforms.Build.0 = Release|Any CPU
		{8D36226C-2E2D-47B7-AAED-D9A8600D7E52}.AppStore|Any CPU.ActiveCfg = Release|Any CPU
		{8D36226C-2E2D-47B7-AAED-D9A8600D7E52}.AppStore|Any CPU.Build.0 = Release|Any CPU
		{8D36226C-2E2D-47B7-AAED-D9A8600D7E52}.AppStore|iPhone.ActiveCfg = Release|Any CPU
		{8D36226C-2E2D-47B7-AAED-D9A8600D7E52}.AppStore|iPhone.Build.0 = Release|Any CPU
		{8D36226C-2E2D-47B7-AAED-D9A8600D7E52}.AppStore|iPhoneSimulator.ActiveCfg = Release|Any CPU
		{8D36226C-2E2D-47B7-AAED-D9A8600D7E52}.AppStore|iPhoneSimulator.Build.0 = Release|Any CPU
		{8D36226C-2E2D-47B7-AAED-D9A8600D7E52}.AppStore|Mixed Platforms.ActiveCfg = Release|Any CPU
		{8D36226C-2E2D-47B7-AAED-D9A8600D7E52}.AppStore|Mixed Platforms.Build.0 = Release|Any CPU
		{8D36226C-2E2D-47B7-AAED-D9A8600D7E52}.Debug|Any CPU.ActiveCfg = Debug|Any CPU
		{8D36226C-2E2D-47B7-AAED-D9A8600D7E52}.Debug|Any CPU.Build.0 = Debug|Any CPU
		{8D36226C-2E2D-47B7-AAED-D9A8600D7E52}.Debug|iPhone.ActiveCfg = Debug|Any CPU
		{8D36226C-2E2D-47B7-AAED-D9A8600D7E52}.Debug|iPhone.Build.0 = Debug|Any CPU
		{8D36226C-2E2D-47B7-AAED-D9A8600D7E52}.Debug|iPhoneSimulator.ActiveCfg = Debug|Any CPU
		{8D36226C-2E2D-47B7-AAED-D9A8600D7E52}.Debug|iPhoneSimulator.Build.0 = Debug|Any CPU
		{8D36226C-2E2D-47B7-AAED-D9A8600D7E52}.Debug|Mixed Platforms.ActiveCfg = Debug|Any CPU
		{8D36226C-2E2D-47B7-AAED-D9A8600D7E52}.Debug|Mixed Platforms.Build.0 = Debug|Any CPU
		{8D36226C-2E2D-47B7-AAED-D9A8600D7E52}.Release|Any CPU.ActiveCfg = Release|Any CPU
		{8D36226C-2E2D-47B7-AAED-D9A8600D7E52}.Release|Any CPU.Build.0 = Release|Any CPU
		{8D36226C-2E2D-47B7-AAED-D9A8600D7E52}.Release|iPhone.ActiveCfg = Release|Any CPU
		{8D36226C-2E2D-47B7-AAED-D9A8600D7E52}.Release|iPhone.Build.0 = Release|Any CPU
		{8D36226C-2E2D-47B7-AAED-D9A8600D7E52}.Release|iPhoneSimulator.ActiveCfg = Release|Any CPU
		{8D36226C-2E2D-47B7-AAED-D9A8600D7E52}.Release|iPhoneSimulator.Build.0 = Release|Any CPU
		{8D36226C-2E2D-47B7-AAED-D9A8600D7E52}.Release|Mixed Platforms.ActiveCfg = Release|Any CPU
		{8D36226C-2E2D-47B7-AAED-D9A8600D7E52}.Release|Mixed Platforms.Build.0 = Release|Any CPU
	EndGlobalSection
	GlobalSection(NestedProjects) = preSolution
	EndGlobalSection
	GlobalSection(MonoDevelopProperties) = preSolution
		StartupItem = Render.iOS\Render.iOS.csproj
		Policies = $0
		$0.DotNetNamingPolicy = $1
		$1.DirectoryNamespaceAssociation = PrefixedHierarchical
		$1.ResourceNamePolicy = FileFormatDefault
		$0.StandardHeader = $2
		$2.Text = 
		$2.IncludeInNewFiles = True
	EndGlobalSection
	GlobalSection(SolutionProperties) = preSolution
		HideSolutionNode = FALSE
	EndGlobalSection
EndGlobal
